
Microsoft Visual Studio Solution File, Format Version 12.00
# Visual Studio 2008
Project("{2150E333-8FDC-42A3-9474-1A3956D46DE8}") = "src", "src", "{80497E36-C653-4751-BB72-A99F5592FCB3}"
EndProject
Project("{2150E333-8FDC-42A3-9474-1A3956D46DE8}") = "test", "test", "{8CCE940E-F413-45F0-9B70-6294E1CE8B1D}"
EndProject
Project("{FAE04EC0-301F-11D3-BF4B-00C04F79EFBC}") = "Net.SF.StyleCopCmd.Console", "src\Net.SF.StyleCopCmd.Console\Net.SF.StyleCopCmd.Console.csproj", "{A0DF8DAE-90FD-4734-B0D2-AD58BA960660}"
EndProject
Project("{2150E333-8FDC-42A3-9474-1A3956D46DE8}") = "conf", "conf", "{CD8ABB1C-EDEF-481F-8A6C-097DBDC74707}"
	ProjectSection(SolutionItems) = preProject
		conf\build.num = conf\build.num
		conf\default.properties = conf\default.properties
		conf\doxyfile.template = conf\doxyfile.template
		conf\local.properties = conf\local.properties
		conf\ndependproject.template.xml = conf\ndependproject.template.xml
		conf\project.properties = conf\project.properties
	EndProjectSection
EndProject
Project("{2150E333-8FDC-42A3-9474-1A3956D46DE8}") = "Solution Items", "Solution Items", "{1DB8E48F-9D0A-4264-9591-251463AA4027}"
	ProjectSection(SolutionItems) = preProject
		build.bat = build.bat
		nant.bat = nant.bat
		nant.build = nant.build
		nant.targets = nant.targets
		nant.tasks = nant.tasks
		README.txt = README.txt
	EndProjectSection
EndProject
Project("{2150E333-8FDC-42A3-9474-1A3956D46DE8}") = "inc", "inc", "{6E57D181-C7C7-450A-BEDC-588B43777A50}"
	ProjectSection(SolutionItems) = preProject
		inc\StyleCopReport.xsl = inc\StyleCopReport.xsl
	EndProjectSection
EndProject
Project("{9344BDBB-3E7F-41FC-A0DD-8665D75EE146}") = "Net.SF.StyleCopCmd.Core.Test", "test\Net.SF.StyleCopCmd.Core.Test\Net.SF.StyleCopCmd.Core.Test.csproj", "{91529255-F5ED-454F-922C-28524679FE69}"
EndProject
Project("{FAE04EC0-301F-11D3-BF4B-00C04F79EFBC}") = "Net.SF.StyleCopCmd.Core", "src\Net.SF.StyleCopCmd.Core\Net.SF.StyleCopCmd.Core.csproj", "{47294B06-DCA7-4E6A-9A40-5DB5291E4E3B}"
EndProject
Global
	GlobalSection(SolutionConfigurationPlatforms) = preSolution
		Debug|Any CPU = Debug|Any CPU
		Release|Any CPU = Release|Any CPU
	EndGlobalSection
	GlobalSection(ProjectConfigurationPlatforms) = postSolution
		{A0DF8DAE-90FD-4734-B0D2-AD58BA960660}.Debug|Any CPU.ActiveCfg = Debug|Any CPU
		{A0DF8DAE-90FD-4734-B0D2-AD58BA960660}.Debug|Any CPU.Build.0 = Debug|Any CPU
		{A0DF8DAE-90FD-4734-B0D2-AD58BA960660}.Release|Any CPU.ActiveCfg = Release|Any CPU
		{A0DF8DAE-90FD-4734-B0D2-AD58BA960660}.Release|Any CPU.Build.0 = Release|Any CPU
		{91529255-F5ED-454F-922C-28524679FE69}.Debug|Any CPU.ActiveCfg = Debug|Any CPU
		{91529255-F5ED-454F-922C-28524679FE69}.Debug|Any CPU.Build.0 = Debug|Any CPU
		{91529255-F5ED-454F-922C-28524679FE69}.Release|Any CPU.ActiveCfg = Release|Any CPU
		{91529255-F5ED-454F-922C-28524679FE69}.Release|Any CPU.Build.0 = Release|Any CPU
		{47294B06-DCA7-4E6A-9A40-5DB5291E4E3B}.Debug|Any CPU.ActiveCfg = Debug|Any CPU
		{47294B06-DCA7-4E6A-9A40-5DB5291E4E3B}.Debug|Any CPU.Build.0 = Debug|Any CPU
		{47294B06-DCA7-4E6A-9A40-5DB5291E4E3B}.Release|Any CPU.ActiveCfg = Release|Any CPU
		{47294B06-DCA7-4E6A-9A40-5DB5291E4E3B}.Release|Any CPU.Build.0 = Release|Any CPU
	EndGlobalSection
	GlobalSection(SolutionProperties) = preSolution
		HideSolutionNode = FALSE
	EndGlobalSection
	GlobalSection(NestedProjects) = preSolution
		{A0DF8DAE-90FD-4734-B0D2-AD58BA960660} = {80497E36-C653-4751-BB72-A99F5592FCB3}
		{91529255-F5ED-454F-922C-28524679FE69} = {8CCE940E-F413-45F0-9B70-6294E1CE8B1D}
		{47294B06-DCA7-4E6A-9A40-5DB5291E4E3B} = {80497E36-C653-4751-BB72-A99F5592FCB3}
	EndGlobalSection
EndGlobal
